// !$*UTF8*$!
{
	archiveVersion = 1;
	classes = {
	};
	objectVersion = 56;
	objects = {

/* Begin PBXBuildFile section */
		257478262B6AC92F004A4861 /* NetworkManager.swift in Sources */ = {isa = PBXBuildFile; fileRef = 257478252B6AC92F004A4861 /* NetworkManager.swift */; };
		25C44FBB2B684433001CE21F /* MealsApp.swift in Sources */ = {isa = PBXBuildFile; fileRef = 25C44FBA2B684433001CE21F /* MealsApp.swift */; };
		25C44FBD2B684433001CE21F /* CategoriesView.swift in Sources */ = {isa = PBXBuildFile; fileRef = 25C44FBC2B684433001CE21F /* CategoriesView.swift */; };
		25C44FBF2B684436001CE21F /* Assets.xcassets in Resources */ = {isa = PBXBuildFile; fileRef = 25C44FBE2B684436001CE21F /* Assets.xcassets */; };
		25C44FC32B684436001CE21F /* Preview Assets.xcassets in Resources */ = {isa = PBXBuildFile; fileRef = 25C44FC22B684436001CE21F /* Preview Assets.xcassets */; };
		25C44FCD2B684436001CE21F /* MealsTests.swift in Sources */ = {isa = PBXBuildFile; fileRef = 25C44FCC2B684436001CE21F /* MealsTests.swift */; };
		25C44FD72B684436001CE21F /* MealsUITests.swift in Sources */ = {isa = PBXBuildFile; fileRef = 25C44FD62B684436001CE21F /* MealsUITests.swift */; };
		25C44FD92B684436001CE21F /* MealsUITestsLaunchTests.swift in Sources */ = {isa = PBXBuildFile; fileRef = 25C44FD82B684436001CE21F /* MealsUITestsLaunchTests.swift */; };
/* End PBXBuildFile section */

/* Begin PBXContainerItemProxy section */
		25C44FC92B684436001CE21F /* PBXContainerItemProxy */ = {
			isa = PBXContainerItemProxy;
			containerPortal = 25C44FAF2B684433001CE21F /* Project object */;
			proxyType = 1;
			remoteGlobalIDString = 25C44FB62B684433001CE21F;
			remoteInfo = Meals;
		};
		25C44FD32B684436001CE21F /* PBXContainerItemProxy */ = {
			isa = PBXContainerItemProxy;
			containerPortal = 25C44FAF2B684433001CE21F /* Project object */;
			proxyType = 1;
			remoteGlobalIDString = 25C44FB62B684433001CE21F;
			remoteInfo = Meals;
		};
/* End PBXContainerItemProxy section */

/* Begin PBXFileReference section */
		257478252B6AC92F004A4861 /* NetworkManager.swift */ = {isa = PBXFileReference; lastKnownFileType = sourcecode.swift; path = NetworkManager.swift; sourceTree = "<group>"; };
		25C44FB72B684433001CE21F /* Meals.app */ = {isa = PBXFileReference; explicitFileType = wrapper.application; includeInIndex = 0; path = Meals.app; sourceTree = BUILT_PRODUCTS_DIR; };
		25C44FBA2B684433001CE21F /* MealsApp.swift */ = {isa = PBXFileReference; lastKnownFileType = sourcecode.swift; path = MealsApp.swift; sourceTree = "<group>"; };
		25C44FBC2B684433001CE21F /* CategoriesView.swift */ = {isa = PBXFileReference; lastKnownFileType = sourcecode.swift; path = CategoriesView.swift; sourceTree = "<group>"; };
		25C44FBE2B684436001CE21F /* Assets.xcassets */ = {isa = PBXFileReference; lastKnownFileType = folder.assetcatalog; path = Assets.xcassets; sourceTree = "<group>"; };
		25C44FC02B684436001CE21F /* Meals.entitlements */ = {isa = PBXFileReference; lastKnownFileType = text.plist.entitlements; path = Meals.entitlements; sourceTree = "<group>"; };
		25C44FC22B684436001CE21F /* Preview Assets.xcassets */ = {isa = PBXFileReference; lastKnownFileType = folder.assetcatalog; path = "Preview Assets.xcassets"; sourceTree = "<group>"; };
		25C44FC82B684436001CE21F /* MealsTests.xctest */ = {isa = PBXFileReference; explicitFileType = wrapper.cfbundle; includeInIndex = 0; path = MealsTests.xctest; sourceTree = BUILT_PRODUCTS_DIR; };
		25C44FCC2B684436001CE21F /* MealsTests.swift */ = {isa = PBXFileReference; lastKnownFileType = sourcecode.swift; path = MealsTests.swift; sourceTree = "<group>"; };
		25C44FD22B684436001CE21F /* MealsUITests.xctest */ = {isa = PBXFileReference; explicitFileType = wrapper.cfbundle; includeInIndex = 0; path = MealsUITests.xctest; sourceTree = BUILT_PRODUCTS_DIR; };
		25C44FD62B684436001CE21F /* MealsUITests.swift */ = {isa = PBXFileReference; lastKnownFileType = sourcecode.swift; path = MealsUITests.swift; sourceTree = "<group>"; };
		25C44FD82B684436001CE21F /* MealsUITestsLaunchTests.swift */ = {isa = PBXFileReference; lastKnownFileType = sourcecode.swift; path = MealsUITestsLaunchTests.swift; sourceTree = "<group>"; };
/* End PBXFileReference section */

/* Begin PBXFrameworksBuildPhase section */
		25C44FB42B684433001CE21F /* Frameworks */ = {
			isa = PBXFrameworksBuildPhase;
			buildActionMask = 2147483647;
			files = (
			);
			runOnlyForDeploymentPostprocessing = 0;
		};
		25C44FC52B684436001CE21F /* Frameworks */ = {
			isa = PBXFrameworksBuildPhase;
			buildActionMask = 2147483647;
			files = (
			);
			runOnlyForDeploymentPostprocessing = 0;
		};
		25C44FCF2B684436001CE21F /* Frameworks */ = {
			isa = PBXFrameworksBuildPhase;
			buildActionMask = 2147483647;
			files = (
			);
			runOnlyForDeploymentPostprocessing = 0;
		};
/* End PBXFrameworksBuildPhase section */

/* Begin PBXGroup section */
		257478242B6AC913004A4861 /* NetworkManager */ = {
			isa = PBXGroup;
			children = (
				257478252B6AC92F004A4861 /* NetworkManager.swift */,
			);
			path = NetworkManager;
			sourceTree = "<group>";
		};
		25C44FAE2B684433001CE21F = {
			isa = PBXGroup;
			children = (
				25C44FB92B684433001CE21F /* Meals */,
				25C44FCB2B684436001CE21F /* MealsTests */,
				25C44FD52B684436001CE21F /* MealsUITests */,
				25C44FB82B684433001CE21F /* Products */,
			);
			sourceTree = "<group>";
		};
		25C44FB82B684433001CE21F /* Products */ = {
			isa = PBXGroup;
			children = (
				25C44FB72B684433001CE21F /* Meals.app */,
				25C44FC82B684436001CE21F /* MealsTests.xctest */,
				25C44FD22B684436001CE21F /* MealsUITests.xctest */,
			);
			name = Products;
			sourceTree = "<group>";
		};
		25C44FB92B684433001CE21F /* Meals */ = {
			isa = PBXGroup;
			children = (
				257478242B6AC913004A4861 /* NetworkManager */,
				25C44FBA2B684433001CE21F /* MealsApp.swift */,
				25C44FBC2B684433001CE21F /* CategoriesView.swift */,
				25C44FBE2B684436001CE21F /* Assets.xcassets */,
				25C44FC02B684436001CE21F /* Meals.entitlements */,
				25C44FC12B684436001CE21F /* Preview Content */,
			);
			path = Meals;
			sourceTree = "<group>";
		};
		25C44FC12B684436001CE21F /* Preview Content */ = {
			isa = PBXGroup;
			children = (
				25C44FC22B684436001CE21F /* Preview Assets.xcassets */,
			);
			path = "Preview Content";
			sourceTree = "<group>";
		};
		25C44FCB2B684436001CE21F /* MealsTests */ = {
			isa = PBXGroup;
			children = (
				25C44FCC2B684436001CE21F /* MealsTests.swift */,
			);
			path = MealsTests;
			sourceTree = "<group>";
		};
		25C44FD52B684436001CE21F /* MealsUITests */ = {
			isa = PBXGroup;
			children = (
				25C44FD62B684436001CE21F /* MealsUITests.swift */,
				25C44FD82B684436001CE21F /* MealsUITestsLaunchTests.swift */,
			);
			path = MealsUITests;
			sourceTree = "<group>";
		};
/* End PBXGroup section */

/* Begin PBXNativeTarget section */
		25C44FB62B684433001CE21F /* Meals */ = {
			isa = PBXNativeTarget;
			buildConfigurationList = 25C44FDC2B684436001CE21F /* Build configuration list for PBXNativeTarget "Meals" */;
			buildPhases = (
				25C44FB32B684433001CE21F /* Sources */,
				25C44FB42B684433001CE21F /* Frameworks */,
				25C44FB52B684433001CE21F /* Resources */,
			);
			buildRules = (
			);
			dependencies = (
			);
			name = Meals;
			productName = Meals;
			productReference = 25C44FB72B684433001CE21F /* Meals.app */;
			productType = "com.apple.product-type.application";
		};
		25C44FC72B684436001CE21F /* MealsTests */ = {
			isa = PBXNativeTarget;
			buildConfigurationList = 25C44FDF2B684436001CE21F /* Build configuration list for PBXNativeTarget "MealsTests" */;
			buildPhases = (
				25C44FC42B684436001CE21F /* Sources */,
				25C44FC52B684436001CE21F /* Frameworks */,
				25C44FC62B684436001CE21F /* Resources */,
			);
			buildRules = (
			);
			dependencies = (
				25C44FCA2B684436001CE21F /* PBXTargetDependency */,
			);
			name = MealsTests;
			productName = MealsTests;
			productReference = 25C44FC82B684436001CE21F /* MealsTests.xctest */;
			productType = "com.apple.product-type.bundle.unit-test";
		};
		25C44FD12B684436001CE21F /* MealsUITests */ = {
			isa = PBXNativeTarget;
			buildConfigurationList = 25C44FE22B684436001CE21F /* Build configuration list for PBXNativeTarget "MealsUITests" */;
			buildPhases = (
				25C44FCE2B684436001CE21F /* Sources */,
				25C44FCF2B684436001CE21F /* Frameworks */,
				25C44FD02B684436001CE21F /* Resources */,
			);
			buildRules = (
			);
			dependencies = (
				25C44FD42B684436001CE21F /* PBXTargetDependency */,
			);
			name = MealsUITests;
			productName = MealsUITests;
			productReference = 25C44FD22B684436001CE21F /* MealsUITests.xctest */;
			productType = "com.apple.product-type.bundle.ui-testing";
		};
/* End PBXNativeTarget section */

/* Begin PBXProject section */
		25C44FAF2B684433001CE21F /* Project object */ = {
			isa = PBXProject;
			attributes = {
				BuildIndependentTargetsInParallel = 1;
				LastSwiftUpdateCheck = 1520;
				LastUpgradeCheck = 1520;
				TargetAttributes = {
					25C44FB62B684433001CE21F = {
						CreatedOnToolsVersion = 15.2;
					};
					25C44FC72B684436001CE21F = {
						CreatedOnToolsVersion = 15.2;
						TestTargetID = 25C44FB62B684433001CE21F;
					};
					25C44FD12B684436001CE21F = {
						CreatedOnToolsVersion = 15.2;
						TestTargetID = 25C44FB62B684433001CE21F;
					};
				};
			};
			buildConfigurationList = 25C44FB22B684433001CE21F /* Build configuration list for PBXProject "Meals" */;
			compatibilityVersion = "Xcode 14.0";
			developmentRegion = en;
			hasScannedForEncodings = 0;
			knownRegions = (
				en,
				Base,
			);
			mainGroup = 25C44FAE2B684433001CE21F;
			productRefGroup = 25C44FB82B684433001CE21F /* Products */;
			projectDirPath = "";
			projectRoot = "";
			targets = (
				25C44FB62B684433001CE21F /* Meals */,
				25C44FC72B684436001CE21F /* MealsTests */,
				25C44FD12B684436001CE21F /* MealsUITests */,
			);
		};
/* End PBXProject section */

/* Begin PBXResourcesBuildPhase section */
		25C44FB52B684433001CE21F /* Resources */ = {
			isa = PBXResourcesBuildPhase;
			buildActionMask = 2147483647;
			files = (
				25C44FC32B684436001CE21F /* Preview Assets.xcassets in Resources */,
				25C44FBF2B684436001CE21F /* Assets.xcassets in Resources */,
			);
			runOnlyForDeploymentPostprocessing = 0;
		};
		25C44FC62B684436001CE21F /* Resources */ = {
			isa = PBXResourcesBuildPhase;
			buildActionMask = 2147483647;
			files = (
			);
			runOnlyForDeploymentPostprocessing = 0;
		};
		25C44FD02B684436001CE21F /* Resources */ = {
			isa = PBXResourcesBuildPhase;
			buildActionMask = 2147483647;
			files = (
			);
			runOnlyForDeploymentPostprocessing = 0;
		};
/* End PBXResourcesBuildPhase section */

/* Begin PBXSourcesBuildPhase section */
		25C44FB32B684433001CE21F /* Sources */ = {
			isa = PBXSourcesBuildPhase;
			buildActionMask = 2147483647;
			files = (
				257478262B6AC92F004A4861 /* NetworkManager.swift in Sources */,
				25C44FBD2B684433001CE21F /* CategoriesView.swift in Sources */,
				25C44FBB2B684433001CE21F /* MealsApp.swift in Sources */,
			);
			runOnlyForDeploymentPostprocessing = 0;
		};
		25C44FC42B684436001CE21F /* Sources */ = {
			isa = PBXSourcesBuildPhase;
			buildActionMask = 2147483647;
			files = (
				25C44FCD2B684436001CE21F /* MealsTests.swift in Sources */,
			);
			runOnlyForDeploymentPostprocessing = 0;
		};
		25C44FCE2B684436001CE21F /* Sources */ = {
			isa = PBXSourcesBuildPhase;
			buildActionMask = 2147483647;
			files = (
				25C44FD72B684436001CE21F /* MealsUITests.swift in Sources */,
				25C44FD92B684436001CE21F /* MealsUITestsLaunchTests.swift in Sources */,
			);
			runOnlyForDeploymentPostprocessing = 0;
		};
/* End PBXSourcesBuildPhase section */

/* Begin PBXTargetDependency section */
		25C44FCA2B684436001CE21F /* PBXTargetDependency */ = {
			isa = PBXTargetDependency;
			target = 25C44FB62B684433001CE21F /* Meals */;
			targetProxy = 25C44FC92B684436001CE21F /* PBXContainerItemProxy */;
		};
		25C44FD42B684436001CE21F /* PBXTargetDependency */ = {
			isa = PBXTargetDependency;
			target = 25C44FB62B684433001CE21F /* Meals */;
			targetProxy = 25C44FD32B684436001CE21F /* PBXContainerItemProxy */;
		};
/* End PBXTargetDependency section */

/* Begin XCBuildConfiguration section */
		25C44FDA2B684436001CE21F /* Debug */ = {
			isa = XCBuildConfiguration;
			buildSettings = {
				ALWAYS_SEARCH_USER_PATHS = NO;
				ASSETCATALOG_COMPILER_GENERATE_SWIFT_ASSET_SYMBOL_EXTENSIONS = YES;
				CLANG_ANALYZER_NONNULL = YES;
				CLANG_ANALYZER_NUMBER_OBJECT_CONVERSION = YES_AGGRESSIVE;
				CLANG_CXX_LANGUAGE_STANDARD = "gnu++20";
				CLANG_ENABLE_MODULES = YES;
				CLANG_ENABLE_OBJC_ARC = YES;
				CLANG_ENABLE_OBJC_WEAK = YES;
				CLANG_WARN_BLOCK_CAPTURE_AUTORELEASING = YES;
				CLANG_WARN_BOOL_CONVERSION = YES;
				CLANG_WARN_COMMA = YES;
				CLANG_WARN_CONSTANT_CONVERSION = YES;
				CLANG_WARN_DEPRECATED_OBJC_IMPLEMENTATIONS = YES;
				CLANG_WARN_DIRECT_OBJC_ISA_USAGE = YES_ERROR;
				CLANG_WARN_DOCUMENTATION_COMMENTS = YES;
				CLANG_WARN_EMPTY_BODY = YES;
				CLANG_WARN_ENUM_CONVERSION = YES;
				CLANG_WARN_INFINITE_RECURSION = YES;
				CLANG_WARN_INT_CONVERSION = YES;
				CLANG_WARN_NON_LITERAL_NULL_CONVERSION = YES;
				CLANG_WARN_OBJC_IMPLICIT_RETAIN_SELF = YES;
				CLANG_WARN_OBJC_LITERAL_CONVERSION = YES;
				CLANG_WARN_OBJC_ROOT_CLASS = YES_ERROR;
				CLANG_WARN_QUOTED_INCLUDE_IN_FRAMEWORK_HEADER = YES;
				CLANG_WARN_RANGE_LOOP_ANALYSIS = YES;
				CLANG_WARN_STRICT_PROTOTYPES = YES;
				CLANG_WARN_SUSPICIOUS_MOVE = YES;
				CLANG_WARN_UNGUARDED_AVAILABILITY = YES_AGGRESSIVE;
				CLANG_WARN_UNREACHABLE_CODE = YES;
				CLANG_WARN__DUPLICATE_METHOD_MATCH = YES;
				COPY_PHASE_STRIP = NO;
				DEBUG_INFORMATION_FORMAT = dwarf;
				ENABLE_STRICT_OBJC_MSGSEND = YES;
				ENABLE_TESTABILITY = YES;
				ENABLE_USER_SCRIPT_SANDBOXING = YES;
				GCC_C_LANGUAGE_STANDARD = gnu17;
				GCC_DYNAMIC_NO_PIC = NO;
				GCC_NO_COMMON_BLOCKS = YES;
				GCC_OPTIMIZATION_LEVEL = 0;
				GCC_PREPROCESSOR_DEFINITIONS = (
					"DEBUG=1",
					"$(inherited)",
				);
				GCC_WARN_64_TO_32_BIT_CONVERSION = YES;
				GCC_WARN_ABOUT_RETURN_TYPE = YES_ERROR;
				GCC_WARN_UNDECLARED_SELECTOR = YES;
				GCC_WARN_UNINITIALIZED_AUTOS = YES_AGGRESSIVE;
				GCC_WARN_UNUSED_FUNCTION = YES;
				GCC_WARN_UNUSED_VARIABLE = YES;
				LOCALIZATION_PREFERS_STRING_CATALOGS = YES;
				MTL_ENABLE_DEBUG_INFO = INCLUDE_SOURCE;
				MTL_FAST_MATH = YES;
				ONLY_ACTIVE_ARCH = YES;
				SWIFT_ACTIVE_COMPILATION_CONDITIONS = "DEBUG $(inherited)";
				SWIFT_OPTIMIZATION_LEVEL = "-Onone";
			};
			name = Debug;
		};
		25C44FDB2B684436001CE21F /* Release */ = {
			isa = XCBuildConfiguration;
			buildSettings = {
				ALWAYS_SEARCH_USER_PATHS = NO;
				ASSETCATALOG_COMPILER_GENERATE_SWIFT_ASSET_SYMBOL_EXTENSIONS = YES;
				CLANG_ANALYZER_NONNULL = YES;
				CLANG_ANALYZER_NUMBER_OBJECT_CONVERSION = YES_AGGRESSIVE;
				CLANG_CXX_LANGUAGE_STANDARD = "gnu++20";
				CLANG_ENABLE_MODULES = YES;
				CLANG_ENABLE_OBJC_ARC = YES;
				CLANG_ENABLE_OBJC_WEAK = YES;
				CLANG_WARN_BLOCK_CAPTURE_AUTORELEASING = YES;
				CLANG_WARN_BOOL_CONVERSION = YES;
				CLANG_WARN_COMMA = YES;
				CLANG_WARN_CONSTANT_CONVERSION = YES;
				CLANG_WARN_DEPRECATED_OBJC_IMPLEMENTATIONS = YES;
				CLANG_WARN_DIRECT_OBJC_ISA_USAGE = YES_ERROR;
				CLANG_WARN_DOCUMENTATION_COMMENTS = YES;
				CLANG_WARN_EMPTY_BODY = YES;
				CLANG_WARN_ENUM_CONVERSION = YES;
				CLANG_WARN_INFINITE_RECURSION = YES;
				CLANG_WARN_INT_CONVERSION = YES;
				CLANG_WARN_NON_LITERAL_NULL_CONVERSION = YES;
				CLANG_WARN_OBJC_IMPLICIT_RETAIN_SELF = YES;
				CLANG_WARN_OBJC_LITERAL_CONVERSION = YES;
				CLANG_WARN_OBJC_ROOT_CLASS = YES_ERROR;
				CLANG_WARN_QUOTED_INCLUDE_IN_FRAMEWORK_HEADER = YES;
				CLANG_WARN_RANGE_LOOP_ANALYSIS = YES;
				CLANG_WARN_STRICT_PROTOTYPES = YES;
				CLANG_WARN_SUSPICIOUS_MOVE = YES;
				CLANG_WARN_UNGUARDED_AVAILABILITY = YES_AGGRESSIVE;
				CLANG_WARN_UNREACHABLE_CODE = YES;
				CLANG_WARN__DUPLICATE_METHOD_MATCH = YES;
				COPY_PHASE_STRIP = NO;
				DEBUG_INFORMATION_FORMAT = "dwarf-with-dsym";
				ENABLE_NS_ASSERTIONS = NO;
				ENABLE_STRICT_OBJC_MSGSEND = YES;
				ENABLE_USER_SCRIPT_SANDBOXING = YES;
				GCC_C_LANGUAGE_STANDARD = gnu17;
				GCC_NO_COMMON_BLOCKS = YES;
				GCC_WARN_64_TO_32_BIT_CONVERSION = YES;
				GCC_WARN_ABOUT_RETURN_TYPE = YES_ERROR;
				GCC_WARN_UNDECLARED_SELECTOR = YES;
				GCC_WARN_UNINITIALIZED_AUTOS = YES_AGGRESSIVE;
				GCC_WARN_UNUSED_FUNCTION = YES;
				GCC_WARN_UNUSED_VARIABLE = YES;
				LOCALIZATION_PREFERS_STRING_CATALOGS = YES;
				MTL_ENABLE_DEBUG_INFO = NO;
				MTL_FAST_MATH = YES;
				SWIFT_COMPILATION_MODE = wholemodule;
			};
			name = Release;
		};
		25C44FDD2B684436001CE21F /* Debug */ = {
			isa = XCBuildConfiguration;
			buildSettings = {
				ASSETCATALOG_COMPILER_APPICON_NAME = AppIcon;
				ASSETCATALOG_COMPILER_GLOBAL_ACCENT_COLOR_NAME = AccentColor;
				CODE_SIGN_ENTITLEMENTS = Meals/Meals.entitlements;
				CODE_SIGN_STYLE = Automatic;
				CURRENT_PROJECT_VERSION = 1;
				DEVELOPMENT_ASSET_PATHS = "\"Meals/Preview Content\"";
				ENABLE_PREVIEWS = YES;
				GENERATE_INFOPLIST_FILE = YES;
				"INFOPLIST_KEY_UIApplicationSceneManifest_Generation[sdk=iphoneos*]" = YES;
				"INFOPLIST_KEY_UIApplicationSceneManifest_Generation[sdk=iphonesimulator*]" = YES;
				"INFOPLIST_KEY_UIApplicationSupportsIndirectInputEvents[sdk=iphoneos*]" = YES;
				"INFOPLIST_KEY_UIApplicationSupportsIndirectInputEvents[sdk=iphonesimulator*]" = YES;
				"INFOPLIST_KEY_UILaunchScreen_Generation[sdk=iphoneos*]" = YES;
				"INFOPLIST_KEY_UILaunchScreen_Generation[sdk=iphonesimulator*]" = YES;
				"INFOPLIST_KEY_UIStatusBarStyle[sdk=iphoneos*]" = UIStatusBarStyleDefault;
				"INFOPLIST_KEY_UIStatusBarStyle[sdk=iphonesimulator*]" = UIStatusBarStyleDefault;
				INFOPLIST_KEY_UISupportedInterfaceOrientations_iPad = "UIInterfaceOrientationPortrait UIInterfaceOrientationPortraitUpsideDown UIInterfaceOrientationLandscapeLeft UIInterfaceOrientationLandscapeRight";
				INFOPLIST_KEY_UISupportedInterfaceOrientations_iPhone = "UIInterfaceOrientationPortrait UIInterfaceOrientationLandscapeLeft UIInterfaceOrientationLandscapeRight";
				IPHONEOS_DEPLOYMENT_TARGET = 17.2;
				LD_RUNPATH_SEARCH_PATHS = "@executable_path/Frameworks";
				"LD_RUNPATH_SEARCH_PATHS[sdk=macosx*]" = "@executable_path/../Frameworks";
				MACOSX_DEPLOYMENT_TARGET = 14.1;
				MARKETING_VERSION = 1.0;
				PRODUCT_BUNDLE_IDENTIFIER = com.poc.Meals;
				PRODUCT_NAME = "$(TARGET_NAME)";
				SDKROOT = auto;
				SUPPORTED_PLATFORMS = "iphoneos iphonesimulator macosx";
				SWIFT_EMIT_LOC_STRINGS = YES;
				SWIFT_VERSION = 5.0;
				TARGETED_DEVICE_FAMILY = "1,2";
			};
			name = Debug;
		};
		25C44FDE2B684436001CE21F /* Release */ = {
			isa = XCBuildConfiguration;
			buildSettings = {
				ASSETCATALOG_COMPILER_APPICON_NAME = AppIcon;
				ASSETCATALOG_COMPILER_GLOBAL_ACCENT_COLOR_NAME = AccentColor;
				CODE_SIGN_ENTITLEMENTS = Meals/Meals.entitlements;
				CODE_SIGN_STYLE = Automatic;
				CURRENT_PROJECT_VERSION = 1;
				DEVELOPMENT_ASSET_PATHS = "\"Meals/Preview Content\"";
				ENABLE_PREVIEWS = YES;
				GENERATE_INFOPLIST_FILE = YES;
				"INFOPLIST_KEY_UIApplicationSceneManifest_Generation[sdk=iphoneos*]" = YES;
				"INFOPLIST_KEY_UIApplicationSceneManifest_Generation[sdk=iphonesimulator*]" = YES;
				"INFOPLIST_KEY_UIApplicationSupportsIndirectInputEvents[sdk=iphoneos*]" = YES;
				"INFOPLIST_KEY_UIApplicationSupportsIndirectInputEvents[sdk=iphonesimulator*]" = YES;
				"INFOPLIST_KEY_UILaunchScreen_Generation[sdk=iphoneos*]" = YES;
				"INFOPLIST_KEY_UILaunchScreen_Generation[sdk=iphonesimulator*]" = YES;
				"INFOPLIST_KEY_UIStatusBarStyle[sdk=iphoneos*]" = UIStatusBarStyleDefault;
				"INFOPLIST_KEY_UIStatusBarStyle[sdk=iphonesimulator*]" = UIStatusBarStyleDefault;
				INFOPLIST_KEY_UISupportedInterfaceOrientations_iPad = "UIInterfaceOrientationPortrait UIInterfaceOrientationPortraitUpsideDown UIInterfaceOrientationLandscapeLeft UIInterfaceOrientationLandscapeRight";
				INFOPLIST_KEY_UISupportedInterfaceOrientations_iPhone = "UIInterfaceOrientationPortrait UIInterfaceOrientationLandscapeLeft UIInterfaceOrientationLandscapeRight";
				IPHONEOS_DEPLOYMENT_TARGET = 17.2;
				LD_RUNPATH_SEARCH_PATHS = "@executable_path/Frameworks";
				"LD_RUNPATH_SEARCH_PATHS[sdk=macosx*]" = "@executable_path/../Frameworks";
				MACOSX_DEPLOYMENT_TARGET = 14.1;
				MARKETING_VERSION = 1.0;
				PRODUCT_BUNDLE_IDENTIFIER = com.poc.Meals;
				PRODUCT_NAME = "$(TARGET_NAME)";
				SDKROOT = auto;
				SUPPORTED_PLATFORMS = "iphoneos iphonesimulator macosx";
				SWIFT_EMIT_LOC_STRINGS = YES;
				SWIFT_VERSION = 5.0;
				TARGETED_DEVICE_FAMILY = "1,2";
			};
			name = Release;
		};
		25C44FE02B684436001CE21F /* Debug */ = {
			isa = XCBuildConfiguration;
			buildSettings = {
				ALWAYS_EMBED_SWIFT_STANDARD_LIBRARIES = YES;
				BUNDLE_LOADER = "$(TEST_HOST)";
				CODE_SIGN_STYLE = Automatic;
				CURRENT_PROJECT_VERSION = 1;
				GENERATE_INFOPLIST_FILE = YES;
				IPHONEOS_DEPLOYMENT_TARGET = 17.2;
				MACOSX_DEPLOYMENT_TARGET = 14.1;
				MARKETING_VERSION = 1.0;
				PRODUCT_BUNDLE_IDENTIFIER = com.poc.MealsTests;
				PRODUCT_NAME = "$(TARGET_NAME)";
				SDKROOT = auto;
				SUPPORTED_PLATFORMS = "iphoneos iphonesimulator macosx";
				SWIFT_EMIT_LOC_STRINGS = NO;
				SWIFT_VERSION = 5.0;
				TARGETED_DEVICE_FAMILY = "1,2";
				TEST_HOST = "$(BUILT_PRODUCTS_DIR)/Meals.app/$(BUNDLE_EXECUTABLE_FOLDER_PATH)/Meals";
			};
			name = Debug;
		};
		25C44FE12B684436001CE21F /* Release */ = {
			isa = XCBuildConfiguration;
			buildSettings = {
				ALWAYS_EMBED_SWIFT_STANDARD_LIBRARIES = YES;
				BUNDLE_LOADER = "$(TEST_HOST)";
				CODE_SIGN_STYLE = Automatic;
				CURRENT_PROJECT_VERSION = 1;
				GENERATE_INFOPLIST_FILE = YES;
				IPHONEOS_DEPLOYMENT_TARGET = 17.2;
				MACOSX_DEPLOYMENT_TARGET = 14.1;
				MARKETING_VERSION = 1.0;
				PRODUCT_BUNDLE_IDENTIFIER = com.poc.MealsTests;
				PRODUCT_NAME = "$(TARGET_NAME)";
				SDKROOT = auto;
				SUPPORTED_PLATFORMS = "iphoneos iphonesimulator macosx";
				SWIFT_EMIT_LOC_STRINGS = NO;
				SWIFT_VERSION = 5.0;
				TARGETED_DEVICE_FAMILY = "1,2";
				TEST_HOST = "$(BUILT_PRODUCTS_DIR)/Meals.app/$(BUNDLE_EXECUTABLE_FOLDER_PATH)/Meals";
			};
			name = Release;
		};
		25C44FE32B684436001CE21F /* Debug */ = {
			isa = XCBuildConfiguration;
			buildSettings = {
				ALWAYS_EMBED_SWIFT_STANDARD_LIBRARIES = YES;
				CODE_SIGN_STYLE = Automatic;
				CURRENT_PROJECT_VERSION = 1;
				GENERATE_INFOPLIST_FILE = YES;
				IPHONEOS_DEPLOYMENT_TARGET = 17.2;
				MACOSX_DEPLOYMENT_TARGET = 14.1;
				MARKETING_VERSION = 1.0;
				PRODUCT_BUNDLE_IDENTIFIER = com.poc.MealsUITests;
				PRODUCT_NAME = "$(TARGET_NAME)";
				SDKROOT = auto;
				SUPPORTED_PLATFORMS = "iphoneos iphonesimulator macosx";
				SWIFT_EMIT_LOC_STRINGS = NO;
				SWIFT_VERSION = 5.0;
				TARGETED_DEVICE_FAMILY = "1,2";
				TEST_TARGET_NAME = Meals;
			};
			name = Debug;
		};
		25C44FE42B684436001CE21F /* Release */ = {
			isa = XCBuildConfiguration;
			buildSettings = {
				ALWAYS_EMBED_SWIFT_STANDARD_LIBRARIES = YES;
				CODE_SIGN_STYLE = Automatic;
				CURRENT_PROJECT_VERSION = 1;
				GENERATE_INFOPLIST_FILE = YES;
				IPHONEOS_DEPLOYMENT_TARGET = 17.2;
				MACOSX_DEPLOYMENT_TARGET = 14.1;
				MARKETING_VERSION = 1.0;
				PRODUCT_BUNDLE_IDENTIFIER = com.poc.MealsUITests;
				PRODUCT_NAME = "$(TARGET_NAME)";
				SDKROOT = auto;
				SUPPORTED_PLATFORMS = "iphoneos iphonesimulator macosx";
				SWIFT_EMIT_LOC_STRINGS = NO;
				SWIFT_VERSION = 5.0;
				TARGETED_DEVICE_FAMILY = "1,2";
				TEST_TARGET_NAME = Meals;
			};
			name = Release;
		};
/* End XCBuildConfiguration section */

/* Begin XCConfigurationList section */
		25C44FB22B684433001CE21F /* Build configuration list for PBXProject "Meals" */ = {
			isa = XCConfigurationList;
			buildConfigurations = (
				25C44FDA2B684436001CE21F /* Debug */,
				25C44FDB2B684436001CE21F /* Release */,
			);
			defaultConfigurationIsVisible = 0;
			defaultConfigurationName = Release;
		};
		25C44FDC2B684436001CE21F /* Build configuration list for PBXNativeTarget "Meals" */ = {
			isa = XCConfigurationList;
			buildConfigurations = (
				25C44FDD2B684436001CE21F /* Debug */,
				25C44FDE2B684436001CE21F /* Release */,
			);
			defaultConfigurationIsVisible = 0;
			defaultConfigurationName = Release;
		};
		25C44FDF2B684436001CE21F /* Build configuration list for PBXNativeTarget "MealsTests" */ = {
			isa = XCConfigurationList;
			buildConfigurations = (
				25C44FE02B684436001CE21F /* Debug */,
				25C44FE12B684436001CE21F /* Release */,
			);
			defaultConfigurationIsVisible = 0;
			defaultConfigurationName = Release;
		};
		25C44FE22B684436001CE21F /* Build configuration list for PBXNativeTarget "MealsUITests" */ = {
			isa = XCConfigurationList;
			buildConfigurations = (
				25C44FE32B684436001CE21F /* Debug */,
				25C44FE42B684436001CE21F /* Release */,
			);
			defaultConfigurationIsVisible = 0;
			defaultConfigurationName = Release;
		};
/* End XCConfigurationList section */
	};
	rootObject = 25C44FAF2B684433001CE21F /* Project object */;
}
